
Microsoft Visual Studio Solution File, Format Version 12.00
# Visual Studio Version 16
VisualStudioVersion = 16.0.31410.357
MinimumVisualStudioVersion = 10.0.40219.1
Project("{9A19103F-16F7-4668-BE54-9A1E7A4F7556}") = "Interview.Web", "Interview.Web\Interview.Web.csproj", "{EE17B748-4D84-46AE-9E83-8D04B92DD6A9}"
EndProject
Global
	GlobalSection(SolutionConfigurationPlatforms) = preSolution
		Debug|Any CPU = Debug|Any CPU
		Debug|x86 = Debug|x86
		Release|Any CPU = Release|Any CPU
		Release|x86 = Release|x86
	EndGlobalSection
	GlobalSection(ProjectConfigurationPlatforms) = postSolution
		{EE17B748-4D84-46AE-9E83-8D04B92DD6A9}.Debug|Any CPU.ActiveCfg = Debug|Any CPU
		{EE17B748-4D84-46AE-9E83-8D04B92DD6A9}.Debug|Any CPU.Build.0 = Debug|Any CPU
		{EE17B748-4D84-46AE-9E83-8D04B92DD6A9}.Debug|x86.ActiveCfg = Debug|Any CPU
		{EE17B748-4D84-46AE-9E83-8D04B92DD6A9}.Debug|x86.Build.0 = Debug|Any CPU
		{EE17B748-4D84-46AE-9E83-8D04B92DD6A9}.Release|Any CPU.ActiveCfg = Release|Any CPU
		{EE17B748-4D84-46AE-9E83-8D04B92DD6A9}.Release|Any CPU.Build.0 = Release|Any CPU
		{EE17B748-4D84-46AE-9E83-8D04B92DD6A9}.Release|x86.ActiveCfg = Release|Any CPU
		{EE17B748-4D84-46AE-9E83-8D04B92DD6A9}.Release|x86.Build.0 = Release|Any CPU
	EndGlobalSection
	GlobalSection(SolutionProperties) = preSolution
		HideSolutionNode = FALSE
	EndGlobalSection
	GlobalSection(ExtensibilityGlobals) = postSolution
		SolutionGuid = {A24A6A91-6536-44B7-8B18-A17B862A1D25}
	EndGlobalSection
	GlobalSection(MonoDevelopProperties) = preSolution
		Policies = $0
		$0.DotNetNamingPolicy = $1
		$1.DirectoryNamespaceAssociation = PrefixedHierarchical
	EndGlobalSection
EndGlobal
