
Microsoft Visual Studio Solution File, Format Version 12.00
# Visual Studio Version 17
VisualStudioVersion = 17.1.32328.378
MinimumVisualStudioVersion = 10.0.40219.1
Project("{9A19103F-16F7-4668-BE54-9A1E7A4F7556}") = "Interview.Web", "Interview.Web\Interview.Web.csproj", "{EE17B748-4D84-46AE-9E83-8D04B92DD6A9}"
EndProject
Project("{9A19103F-16F7-4668-BE54-9A1E7A4F7556}") = "Sparcpoint.Core", "Sparcpoint.Core\Sparcpoint.Core.csproj", "{C4ECDF4B-3396-4512-84DB-ECECA8C5600E}"
EndProject
Project("{9A19103F-16F7-4668-BE54-9A1E7A4F7556}") = "Sparcpoint.SqlServer.Abstractions", "Sparcpoint.SqlServer.Abstractions\Sparcpoint.SqlServer.Abstractions.csproj", "{4E72CD4A-C9FE-4A04-9F07-A770E3AD7297}"
EndProject
Project("{9A19103F-16F7-4668-BE54-9A1E7A4F7556}") = "Documentation", "Documentation\Documentation.csproj", "{020A1F15-1F3A-4E52-AB04-EFC22D84440C}"
EndProject
Project("{9A19103F-16F7-4668-BE54-9A1E7A4F7556}") = "Domain.Models", "Domain.Models\Domain.Models.csproj", "{D748FD1F-8329-45C3-ACE9-350BEBEFF4D4}"
EndProject
Project("{9A19103F-16F7-4668-BE54-9A1E7A4F7556}") = "Domain.Clients", "Domain.Clients\Domain.Clients.csproj", "{E7988ADD-6444-41FA-A142-B5DEB7104362}"
EndProject
Project("{FAE04EC0-301F-11D3-BF4B-00C04F79EFBC}") = "Domain.Configuration", "Domain.Configuration\Domain.Configuration.csproj", "{E5E1F4B2-C359-4231-93AA-F7F4704E8096}"
EndProject
Project("{2150E333-8FDC-42A3-9474-1A3956D46DE8}") = "Solution Items", "Solution Items", "{C907B44D-58D6-451D-AA2A-D97B22F99F32}"
	ProjectSection(SolutionItems) = preProject
		stylecop.json = stylecop.json
	EndProjectSection
EndProject
Project("{FAE04EC0-301F-11D3-BF4B-00C04F79EFBC}") = "Domain.Inventory.Service", "Domain.Inventory.Service\Domain.Inventory.Service.csproj", "{E8EC1734-C80A-47B5-BF61-3B698A628FAE}"
EndProject
Project("{FAE04EC0-301F-11D3-BF4B-00C04F79EFBC}") = "Domain.Inventory.Impl", "Domain.Inventory.Impl\Domain.Inventory.Impl.csproj", "{E94013A4-55C6-4150-9137-17852160975F}"
EndProject
Global
	GlobalSection(SolutionConfigurationPlatforms) = preSolution
		Debug|Any CPU = Debug|Any CPU
		Debug|x86 = Debug|x86
		Release|Any CPU = Release|Any CPU
		Release|x86 = Release|x86
	EndGlobalSection
	GlobalSection(ProjectConfigurationPlatforms) = postSolution
		{EE17B748-4D84-46AE-9E83-8D04B92DD6A9}.Debug|Any CPU.ActiveCfg = Debug|Any CPU
		{EE17B748-4D84-46AE-9E83-8D04B92DD6A9}.Debug|Any CPU.Build.0 = Debug|Any CPU
		{EE17B748-4D84-46AE-9E83-8D04B92DD6A9}.Debug|x86.ActiveCfg = Debug|Any CPU
		{EE17B748-4D84-46AE-9E83-8D04B92DD6A9}.Debug|x86.Build.0 = Debug|Any CPU
		{EE17B748-4D84-46AE-9E83-8D04B92DD6A9}.Release|Any CPU.ActiveCfg = Release|Any CPU
		{EE17B748-4D84-46AE-9E83-8D04B92DD6A9}.Release|Any CPU.Build.0 = Release|Any CPU
		{EE17B748-4D84-46AE-9E83-8D04B92DD6A9}.Release|x86.ActiveCfg = Release|Any CPU
		{EE17B748-4D84-46AE-9E83-8D04B92DD6A9}.Release|x86.Build.0 = Release|Any CPU
		{C4ECDF4B-3396-4512-84DB-ECECA8C5600E}.Debug|Any CPU.ActiveCfg = Debug|Any CPU
		{C4ECDF4B-3396-4512-84DB-ECECA8C5600E}.Debug|Any CPU.Build.0 = Debug|Any CPU
		{C4ECDF4B-3396-4512-84DB-ECECA8C5600E}.Debug|x86.ActiveCfg = Debug|Any CPU
		{C4ECDF4B-3396-4512-84DB-ECECA8C5600E}.Debug|x86.Build.0 = Debug|Any CPU
		{C4ECDF4B-3396-4512-84DB-ECECA8C5600E}.Release|Any CPU.ActiveCfg = Release|Any CPU
		{C4ECDF4B-3396-4512-84DB-ECECA8C5600E}.Release|Any CPU.Build.0 = Release|Any CPU
		{C4ECDF4B-3396-4512-84DB-ECECA8C5600E}.Release|x86.ActiveCfg = Release|Any CPU
		{C4ECDF4B-3396-4512-84DB-ECECA8C5600E}.Release|x86.Build.0 = Release|Any CPU
		{4E72CD4A-C9FE-4A04-9F07-A770E3AD7297}.Debug|Any CPU.ActiveCfg = Debug|Any CPU
		{4E72CD4A-C9FE-4A04-9F07-A770E3AD7297}.Debug|Any CPU.Build.0 = Debug|Any CPU
		{4E72CD4A-C9FE-4A04-9F07-A770E3AD7297}.Debug|x86.ActiveCfg = Debug|Any CPU
		{4E72CD4A-C9FE-4A04-9F07-A770E3AD7297}.Debug|x86.Build.0 = Debug|Any CPU
		{4E72CD4A-C9FE-4A04-9F07-A770E3AD7297}.Release|Any CPU.ActiveCfg = Release|Any CPU
		{4E72CD4A-C9FE-4A04-9F07-A770E3AD7297}.Release|Any CPU.Build.0 = Release|Any CPU
		{4E72CD4A-C9FE-4A04-9F07-A770E3AD7297}.Release|x86.ActiveCfg = Release|Any CPU
		{4E72CD4A-C9FE-4A04-9F07-A770E3AD7297}.Release|x86.Build.0 = Release|Any CPU
		{020A1F15-1F3A-4E52-AB04-EFC22D84440C}.Debug|Any CPU.ActiveCfg = Debug|Any CPU
		{020A1F15-1F3A-4E52-AB04-EFC22D84440C}.Debug|Any CPU.Build.0 = Debug|Any CPU
		{020A1F15-1F3A-4E52-AB04-EFC22D84440C}.Debug|x86.ActiveCfg = Debug|Any CPU
		{020A1F15-1F3A-4E52-AB04-EFC22D84440C}.Debug|x86.Build.0 = Debug|Any CPU
		{020A1F15-1F3A-4E52-AB04-EFC22D84440C}.Release|Any CPU.ActiveCfg = Release|Any CPU
		{020A1F15-1F3A-4E52-AB04-EFC22D84440C}.Release|Any CPU.Build.0 = Release|Any CPU
		{020A1F15-1F3A-4E52-AB04-EFC22D84440C}.Release|x86.ActiveCfg = Release|Any CPU
		{020A1F15-1F3A-4E52-AB04-EFC22D84440C}.Release|x86.Build.0 = Release|Any CPU
		{D748FD1F-8329-45C3-ACE9-350BEBEFF4D4}.Debug|Any CPU.ActiveCfg = Debug|Any CPU
		{D748FD1F-8329-45C3-ACE9-350BEBEFF4D4}.Debug|Any CPU.Build.0 = Debug|Any CPU
		{D748FD1F-8329-45C3-ACE9-350BEBEFF4D4}.Debug|x86.ActiveCfg = Debug|Any CPU
		{D748FD1F-8329-45C3-ACE9-350BEBEFF4D4}.Debug|x86.Build.0 = Debug|Any CPU
		{D748FD1F-8329-45C3-ACE9-350BEBEFF4D4}.Release|Any CPU.ActiveCfg = Release|Any CPU
		{D748FD1F-8329-45C3-ACE9-350BEBEFF4D4}.Release|Any CPU.Build.0 = Release|Any CPU
		{D748FD1F-8329-45C3-ACE9-350BEBEFF4D4}.Release|x86.ActiveCfg = Release|Any CPU
		{D748FD1F-8329-45C3-ACE9-350BEBEFF4D4}.Release|x86.Build.0 = Release|Any CPU
		{E7988ADD-6444-41FA-A142-B5DEB7104362}.Debug|Any CPU.ActiveCfg = Debug|Any CPU
		{E7988ADD-6444-41FA-A142-B5DEB7104362}.Debug|Any CPU.Build.0 = Debug|Any CPU
		{E7988ADD-6444-41FA-A142-B5DEB7104362}.Debug|x86.ActiveCfg = Debug|Any CPU
		{E7988ADD-6444-41FA-A142-B5DEB7104362}.Debug|x86.Build.0 = Debug|Any CPU
		{E7988ADD-6444-41FA-A142-B5DEB7104362}.Release|Any CPU.ActiveCfg = Release|Any CPU
		{E7988ADD-6444-41FA-A142-B5DEB7104362}.Release|Any CPU.Build.0 = Release|Any CPU
		{E7988ADD-6444-41FA-A142-B5DEB7104362}.Release|x86.ActiveCfg = Release|Any CPU
		{E7988ADD-6444-41FA-A142-B5DEB7104362}.Release|x86.Build.0 = Release|Any CPU
		{E5E1F4B2-C359-4231-93AA-F7F4704E8096}.Debug|Any CPU.ActiveCfg = Debug|Any CPU
		{E5E1F4B2-C359-4231-93AA-F7F4704E8096}.Debug|Any CPU.Build.0 = Debug|Any CPU
		{E5E1F4B2-C359-4231-93AA-F7F4704E8096}.Debug|x86.ActiveCfg = Debug|Any CPU
		{E5E1F4B2-C359-4231-93AA-F7F4704E8096}.Debug|x86.Build.0 = Debug|Any CPU
		{E5E1F4B2-C359-4231-93AA-F7F4704E8096}.Release|Any CPU.ActiveCfg = Release|Any CPU
		{E5E1F4B2-C359-4231-93AA-F7F4704E8096}.Release|Any CPU.Build.0 = Release|Any CPU
		{E5E1F4B2-C359-4231-93AA-F7F4704E8096}.Release|x86.ActiveCfg = Release|Any CPU
		{E5E1F4B2-C359-4231-93AA-F7F4704E8096}.Release|x86.Build.0 = Release|Any CPU
		{E8EC1734-C80A-47B5-BF61-3B698A628FAE}.Debug|Any CPU.ActiveCfg = Debug|Any CPU
		{E8EC1734-C80A-47B5-BF61-3B698A628FAE}.Debug|Any CPU.Build.0 = Debug|Any CPU
		{E8EC1734-C80A-47B5-BF61-3B698A628FAE}.Debug|x86.ActiveCfg = Debug|Any CPU
		{E8EC1734-C80A-47B5-BF61-3B698A628FAE}.Debug|x86.Build.0 = Debug|Any CPU
		{E8EC1734-C80A-47B5-BF61-3B698A628FAE}.Release|Any CPU.ActiveCfg = Release|Any CPU
		{E8EC1734-C80A-47B5-BF61-3B698A628FAE}.Release|Any CPU.Build.0 = Release|Any CPU
		{E8EC1734-C80A-47B5-BF61-3B698A628FAE}.Release|x86.ActiveCfg = Release|Any CPU
		{E8EC1734-C80A-47B5-BF61-3B698A628FAE}.Release|x86.Build.0 = Release|Any CPU
		{E94013A4-55C6-4150-9137-17852160975F}.Debug|Any CPU.ActiveCfg = Debug|Any CPU
		{E94013A4-55C6-4150-9137-17852160975F}.Debug|Any CPU.Build.0 = Debug|Any CPU
		{E94013A4-55C6-4150-9137-17852160975F}.Debug|x86.ActiveCfg = Debug|Any CPU
		{E94013A4-55C6-4150-9137-17852160975F}.Debug|x86.Build.0 = Debug|Any CPU
		{E94013A4-55C6-4150-9137-17852160975F}.Release|Any CPU.ActiveCfg = Release|Any CPU
		{E94013A4-55C6-4150-9137-17852160975F}.Release|Any CPU.Build.0 = Release|Any CPU
		{E94013A4-55C6-4150-9137-17852160975F}.Release|x86.ActiveCfg = Release|Any CPU
		{E94013A4-55C6-4150-9137-17852160975F}.Release|x86.Build.0 = Release|Any CPU
	EndGlobalSection
	GlobalSection(SolutionProperties) = preSolution
		HideSolutionNode = FALSE
	EndGlobalSection
	GlobalSection(ExtensibilityGlobals) = postSolution
		SolutionGuid = {A24A6A91-6536-44B7-8B18-A17B862A1D25}
	EndGlobalSection
EndGlobal
