{
  "version": 3,
  "targets": {
    ".NETCoreApp,Version=v3.1": {
      "Microsoft.AspNetCore.Cryptography.Internal/3.1.8": {
        "type": "package",
        "compile": {
          "lib/netcoreapp3.1/Microsoft.AspNetCore.Cryptography.Internal.dll": {
            "related": ".xml"
          }
        },
        "runtime": {
          "lib/netcoreapp3.1/Microsoft.AspNetCore.Cryptography.Internal.dll": {
            "related": ".xml"
          }
        }
      },
      "Microsoft.AspNetCore.Cryptography.KeyDerivation/3.1.8": {
        "type": "package",
        "dependencies": {
          "Microsoft.AspNetCore.Cryptography.Internal": "3.1.8"
        },
        "compile": {
          "lib/netcoreapp3.1/Microsoft.AspNetCore.Cryptography.KeyDerivation.dll": {
            "related": ".xml"
          }
        },
        "runtime": {
          "lib/netcoreapp3.1/Microsoft.AspNetCore.Cryptography.KeyDerivation.dll": {
            "related": ".xml"
          }
        }
      },
      "Microsoft.Extensions.DependencyInjection.Abstractions/3.1.8": {
        "type": "package",
        "compile": {
          "lib/netstandard2.0/Microsoft.Extensions.DependencyInjection.Abstractions.dll": {
            "related": ".xml"
          }
        },
        "runtime": {
          "lib/netstandard2.0/Microsoft.Extensions.DependencyInjection.Abstractions.dll": {
            "related": ".xml"
          }
        }
      },
      "Microsoft.Extensions.Options/3.1.8": {
        "type": "package",
        "dependencies": {
          "Microsoft.Extensions.DependencyInjection.Abstractions": "3.1.8",
          "Microsoft.Extensions.Primitives": "3.1.8"
        },
        "compile": {
          "lib/netcoreapp3.1/Microsoft.Extensions.Options.dll": {
            "related": ".xml"
          }
        },
        "runtime": {
          "lib/netcoreapp3.1/Microsoft.Extensions.Options.dll": {
            "related": ".xml"
          }
        }
      },
      "Microsoft.Extensions.Primitives/3.1.8": {
        "type": "package",
        "compile": {
          "lib/netcoreapp3.1/Microsoft.Extensions.Primitives.dll": {
            "related": ".xml"
          }
        },
        "runtime": {
          "lib/netcoreapp3.1/Microsoft.Extensions.Primitives.dll": {
            "related": ".xml"
          }
        }
      },
      "Newtonsoft.Json/12.0.3": {
        "type": "package",
        "compile": {
          "lib/netstandard2.0/Newtonsoft.Json.dll": {
            "related": ".xml"
          }
        },
        "runtime": {
          "lib/netstandard2.0/Newtonsoft.Json.dll": {
            "related": ".xml"
          }
        }
      },
      "Sparcpoint.Core/1.0.1": {
        "type": "project",
        "framework": ".NETStandard,Version=v2.0",
        "dependencies": {
          "Microsoft.AspNetCore.Cryptography.KeyDerivation": "3.1.8",
          "Microsoft.Extensions.Options": "3.1.8",
          "Newtonsoft.Json": "12.0.3"
        },
        "compile": {
          "bin/placeholder/Sparcpoint.Core.dll": {}
        },
        "runtime": {
          "bin/placeholder/Sparcpoint.Core.dll": {}
        }
      }
    }
  },
  "libraries": {
    "Microsoft.AspNetCore.Cryptography.Internal/3.1.8": {
      "sha512": "CV5LFXiGRbegNRK6WL49uk/lBQHddetnc1Y7KvnuA5gQb4GV0r3rZ1drcJqWV5zsd7oytfp05sKI1NPxY+cxbQ==",
      "type": "package",
      "path": "microsoft.aspnetcore.cryptography.internal/3.1.8",
      "files": [
        ".nupkg.metadata",
        ".signature.p7s",
        "Icon.png",
        "THIRD-PARTY-NOTICES.TXT",
        "lib/netcoreapp3.1/Microsoft.AspNetCore.Cryptography.Internal.dll",
        "lib/netcoreapp3.1/Microsoft.AspNetCore.Cryptography.Internal.xml",
        "lib/netstandard2.0/Microsoft.AspNetCore.Cryptography.Internal.dll",
        "lib/netstandard2.0/Microsoft.AspNetCore.Cryptography.Internal.xml",
        "microsoft.aspnetcore.cryptography.internal.3.1.8.nupkg.sha512",
        "microsoft.aspnetcore.cryptography.internal.nuspec"
      ]
    },
    "Microsoft.AspNetCore.Cryptography.KeyDerivation/3.1.8": {
      "sha512": "gwDZaO2kgBw4D6rf0p09LxdH6doz6CDtV6FrZK5dsus8iJ9hmTw973oZ4Wl95OOlbKBkrIcgOSp6/C0fw25uxw==",
      "type": "package",
      "path": "microsoft.aspnetcore.cryptography.keyderivation/3.1.8",
      "files": [
        ".nupkg.metadata",
        ".signature.p7s",
        "Icon.png",
        "THIRD-PARTY-NOTICES.TXT",
        "lib/netcoreapp2.0/Microsoft.AspNetCore.Cryptography.KeyDerivation.dll",
        "lib/netcoreapp2.0/Microsoft.AspNetCore.Cryptography.KeyDerivation.xml",
        "lib/netcoreapp3.1/Microsoft.AspNetCore.Cryptography.KeyDerivation.dll",
        "lib/netcoreapp3.1/Microsoft.AspNetCore.Cryptography.KeyDerivation.xml",
        "lib/netstandard2.0/Microsoft.AspNetCore.Cryptography.KeyDerivation.dll",
        "lib/netstandard2.0/Microsoft.AspNetCore.Cryptography.KeyDerivation.xml",
        "microsoft.aspnetcore.cryptography.keyderivation.3.1.8.nupkg.sha512",
        "microsoft.aspnetcore.cryptography.keyderivation.nuspec"
      ]
    },
    "Microsoft.Extensions.DependencyInjection.Abstractions/3.1.8": {
      "sha512": "YP0kEBkSLTVl3znqZEux+xyJpz5iVNwFZf0OPS7nupdKbojSlO7Fa+JuQjLYpWfpAshaMcznu27tjWzfXRJnOA==",
      "type": "package",
      "path": "microsoft.extensions.dependencyinjection.abstractions/3.1.8",
      "files": [
        ".nupkg.metadata",
        ".signature.p7s",
        "Icon.png",
        "lib/netstandard2.0/Microsoft.Extensions.DependencyInjection.Abstractions.dll",
        "lib/netstandard2.0/Microsoft.Extensions.DependencyInjection.Abstractions.xml",
        "microsoft.extensions.dependencyinjection.abstractions.3.1.8.nupkg.sha512",
        "microsoft.extensions.dependencyinjection.abstractions.nuspec"
      ]
    },
    "Microsoft.Extensions.Options/3.1.8": {
      "sha512": "mpkwjNg5sr1XHEJwVS8G1w6dsh5/72vQOOe4aqhg012j93m8OOmfyIBwoQN4SE0KRRS+fatdW3qqUrHbRwlWOA==",
      "type": "package",
      "path": "microsoft.extensions.options/3.1.8",
      "files": [
        ".nupkg.metadata",
        ".signature.p7s",
        "Icon.png",
        "lib/netcoreapp3.1/Microsoft.Extensions.Options.dll",
        "lib/netcoreapp3.1/Microsoft.Extensions.Options.xml",
        "lib/netstandard2.0/Microsoft.Extensions.Options.dll",
        "lib/netstandard2.0/Microsoft.Extensions.Options.xml",
        "microsoft.extensions.options.3.1.8.nupkg.sha512",
        "microsoft.extensions.options.nuspec"
      ]
    },
    "Microsoft.Extensions.Primitives/3.1.8": {
      "sha512": "XcIoXQhT0kwnEhOKv/LmpWR6yF6QWmBTy9Fcsz4aHuCOgTJ7Zd23ELtUA4BfwlYoFlSedavS+vURz9tNekd44g==",
      "type": "package",
      "path": "microsoft.extensions.primitives/3.1.8",
      "files": [
        ".nupkg.metadata",
        ".signature.p7s",
        "Icon.png",
        "lib/netcoreapp3.1/Microsoft.Extensions.Primitives.dll",
        "lib/netcoreapp3.1/Microsoft.Extensions.Primitives.xml",
        "lib/netstandard2.0/Microsoft.Extensions.Primitives.dll",
        "lib/netstandard2.0/Microsoft.Extensions.Primitives.xml",
        "microsoft.extensions.primitives.3.1.8.nupkg.sha512",
        "microsoft.extensions.primitives.nuspec"
      ]
    },
    "Newtonsoft.Json/12.0.3": {
      "sha512": "6mgjfnRB4jKMlzHSl+VD+oUc1IebOZabkbyWj2RiTgWwYPPuaK1H97G1sHqGwPlS5npiF5Q0OrxN1wni2n5QWg==",
      "type": "package",
      "path": "newtonsoft.json/12.0.3",
      "files": [
        ".nupkg.metadata",
        ".signature.p7s",
        "LICENSE.md",
        "lib/net20/Newtonsoft.Json.dll",
        "lib/net20/Newtonsoft.Json.xml",
        "lib/net35/Newtonsoft.Json.dll",
        "lib/net35/Newtonsoft.Json.xml",
        "lib/net40/Newtonsoft.Json.dll",
        "lib/net40/Newtonsoft.Json.xml",
        "lib/net45/Newtonsoft.Json.dll",
        "lib/net45/Newtonsoft.Json.xml",
        "lib/netstandard1.0/Newtonsoft.Json.dll",
        "lib/netstandard1.0/Newtonsoft.Json.xml",
        "lib/netstandard1.3/Newtonsoft.Json.dll",
        "lib/netstandard1.3/Newtonsoft.Json.xml",
        "lib/netstandard2.0/Newtonsoft.Json.dll",
        "lib/netstandard2.0/Newtonsoft.Json.xml",
        "lib/portable-net40+sl5+win8+wp8+wpa81/Newtonsoft.Json.dll",
        "lib/portable-net40+sl5+win8+wp8+wpa81/Newtonsoft.Json.xml",
        "lib/portable-net45+win8+wp8+wpa81/Newtonsoft.Json.dll",
        "lib/portable-net45+win8+wp8+wpa81/Newtonsoft.Json.xml",
        "newtonsoft.json.12.0.3.nupkg.sha512",
        "newtonsoft.json.nuspec",
        "packageIcon.png"
      ]
    },
    "Sparcpoint.Core/1.0.1": {
      "type": "project",
      "path": "../Sparcpoint.Core/Sparcpoint.Core.csproj",
      "msbuildProject": "../Sparcpoint.Core/Sparcpoint.Core.csproj"
    }
  },
  "projectFileDependencyGroups": {
    ".NETCoreApp,Version=v3.1": [
      "Sparcpoint.Core >= 1.0.1"
    ]
  },
  "packageFolders": {
    "C:\\Users\\greb2\\.nuget\\packages\\": {},
    "C:\\Program Files\\dotnet\\sdk\\NuGetFallbackFolder": {}
  },
  "project": {
    "version": "1.0.0",
    "restore": {
      "projectUniqueName": "D:\\Development-Project-CSharp\\Development Project\\Interview.Web\\Interview.Web.csproj",
      "projectName": "Interview.Web",
      "projectPath": "D:\\Development-Project-CSharp\\Development Project\\Interview.Web\\Interview.Web.csproj",
      "packagesPath": "C:\\Users\\greb2\\.nuget\\packages\\",
      "outputPath": "D:\\Development-Project-CSharp\\Development Project\\Interview.Web\\obj\\",
      "projectStyle": "PackageReference",
      "fallbackFolders": [
        "C:\\Program Files\\dotnet\\sdk\\NuGetFallbackFolder"
      ],
      "configFilePaths": [
        "C:\\Users\\greb2\\AppData\\Roaming\\NuGet\\NuGet.Config",
        "C:\\Program Files (x86)\\NuGet\\Config\\Microsoft.VisualStudio.Offline.config"
      ],
      "originalTargetFrameworks": [
        "netcoreapp3.1"
      ],
      "sources": {
        "C:\\Program Files (x86)\\Microsoft SDKs\\NuGetPackages\\": {},
        "https://api.nuget.org/v3/index.json": {}
      },
      "frameworks": {
        "netcoreapp3.1": {
          "targetAlias": "netcoreapp3.1",
          "projectReferences": {
            "D:\\Development-Project-CSharp\\Development Project\\Sparcpoint.Core\\Sparcpoint.Core.csproj": {
              "projectPath": "D:\\Development-Project-CSharp\\Development Project\\Sparcpoint.Core\\Sparcpoint.Core.csproj"
            }
          }
        }
      },
      "warningProperties": {
        "warnAsError": [
          "NU1605"
        ]
      }
    },
    "frameworks": {
      "netcoreapp3.1": {
        "targetAlias": "netcoreapp3.1",
        "imports": [
          "net461",
          "net462",
          "net47",
          "net471",
          "net472",
          "net48",
          "net481"
        ],
        "assetTargetFallback": true,
        "warn": true,
        "frameworkReferences": {
          "Microsoft.AspNetCore.App": {
            "privateAssets": "none"
          },
          "Microsoft.NETCore.App": {
            "privateAssets": "all"
          }
        },
        "runtimeIdentifierGraphPath": "C:\\Program Files\\dotnet\\sdk\\7.0.102\\RuntimeIdentifierGraph.json"
      }
    }
  }
}